// !$*UTF8*$!
{
	archiveVersion = 1;
	classes = {
	};
	objectVersion = 51;
	objects = {

/* Begin PBXBuildFile section */
		67104EC023FE35140035343F /* VerifikasiViewController.swift in Sources */ = {isa = PBXBuildFile; fileRef = 67104EBF23FE35140035343F /* VerifikasiViewController.swift */; };
		67104EC223FE6FCD0035343F /* InputKodeVerifikasiViewController.swift in Sources */ = {isa = PBXBuildFile; fileRef = 67104EC123FE6FCD0035343F /* InputKodeVerifikasiViewController.swift */; };
		6728574324109F24005E3B6D /* KlaimViewController.swift in Sources */ = {isa = PBXBuildFile; fileRef = 6728574224109F24005E3B6D /* KlaimViewController.swift */; };
		6728574524109F3A005E3B6D /* ExtensionKlaimVC.swift in Sources */ = {isa = PBXBuildFile; fileRef = 6728574424109F3A005E3B6D /* ExtensionKlaimVC.swift */; };
		672857472410A9FE005E3B6D /* PolisViewController.swift in Sources */ = {isa = PBXBuildFile; fileRef = 672857462410A9FE005E3B6D /* PolisViewController.swift */; };
		672857492410AA10005E3B6D /* ExtensionPolisVC.swift in Sources */ = {isa = PBXBuildFile; fileRef = 672857482410AA10005E3B6D /* ExtensionPolisVC.swift */; };
		67288E8923FBA19F002E257C /* ExtensionHomeMenu.swift in Sources */ = {isa = PBXBuildFile; fileRef = 67288E8823FBA19F002E257C /* ExtensionHomeMenu.swift */; };
		67288E9623FCE4D2002E257C /* DaftarAccountViewController.swift in Sources */ = {isa = PBXBuildFile; fileRef = 67288E9523FCE4D2002E257C /* DaftarAccountViewController.swift */; };
		67288E9823FCE53A002E257C /* ExtensionDaftarVC.swift in Sources */ = {isa = PBXBuildFile; fileRef = 67288E9723FCE53A002E257C /* ExtensionDaftarVC.swift */; };
		6728F09F24050BCA00A2C605 /* PresentationManager.swift in Sources */ = {isa = PBXBuildFile; fileRef = 6728F09E24050BCA00A2C605 /* PresentationManager.swift */; };
		6728F0A124050C0B00A2C605 /* PresentationController.swift in Sources */ = {isa = PBXBuildFile; fileRef = 6728F0A024050C0B00A2C605 /* PresentationController.swift */; };
		6728F0A324050CB500A2C605 /* ProdukDetailViewController.swift in Sources */ = {isa = PBXBuildFile; fileRef = 6728F0A224050CB500A2C605 /* ProdukDetailViewController.swift */; };
		6728F0A524050D2E00A2C605 /* ExtensionProdukDetailVC.swift in Sources */ = {isa = PBXBuildFile; fileRef = 6728F0A424050D2E00A2C605 /* ExtensionProdukDetailVC.swift */; };
		67392AF124018A69007630DF /* LengkapiDataViewController.swift in Sources */ = {isa = PBXBuildFile; fileRef = 67392AF024018A69007630DF /* LengkapiDataViewController.swift */; };
		67392AF32403B3A2007630DF /* ProdukViewController.swift in Sources */ = {isa = PBXBuildFile; fileRef = 67392AF22403B3A2007630DF /* ProdukViewController.swift */; };
		67392AF52403B76C007630DF /* ExtensionProdukVC.swift in Sources */ = {isa = PBXBuildFile; fileRef = 67392AF42403B76C007630DF /* ExtensionProdukVC.swift */; };
		6742325D242C4BB300A07141 /* DaftarTertanggungViewController.swift in Sources */ = {isa = PBXBuildFile; fileRef = 6742325C242C4BB300A07141 /* DaftarTertanggungViewController.swift */; };
		6742325F242C4BCD00A07141 /* ExtensionDaftarTertanggungVC.swift in Sources */ = {isa = PBXBuildFile; fileRef = 6742325E242C4BCD00A07141 /* ExtensionDaftarTertanggungVC.swift */; };
		67423261242C79B500A07141 /* AddTertanggungViewController.swift in Sources */ = {isa = PBXBuildFile; fileRef = 67423260242C79B500A07141 /* AddTertanggungViewController.swift */; };
		67423263242C79D100A07141 /* ExtensionAddTertanggungVC.swift in Sources */ = {isa = PBXBuildFile; fileRef = 67423262242C79D100A07141 /* ExtensionAddTertanggungVC.swift */; };
		6751E12E23EC06B4008ACB56 /* AppDelegate.swift in Sources */ = {isa = PBXBuildFile; fileRef = 6751E12D23EC06B4008ACB56 /* AppDelegate.swift */; };
		6751E13023EC06B4008ACB56 /* HomeMenuViewController.swift in Sources */ = {isa = PBXBuildFile; fileRef = 6751E12F23EC06B4008ACB56 /* HomeMenuViewController.swift */; };
		6751E13623EC06B4008ACB56 /* NewDigiAsk.xcdatamodeld in Sources */ = {isa = PBXBuildFile; fileRef = 6751E13423EC06B4008ACB56 /* NewDigiAsk.xcdatamodeld */; };
		6753A2C723F532F9000F7CE1 /* UIHelper.swift in Sources */ = {isa = PBXBuildFile; fileRef = 6753A2C623F532F9000F7CE1 /* UIHelper.swift */; };
		676B7C55240CA762003D0FB1 /* CheckOutKeranjangViewController.swift in Sources */ = {isa = PBXBuildFile; fileRef = 676B7C54240CA762003D0FB1 /* CheckOutKeranjangViewController.swift */; };
		676B7C57240CA7B6003D0FB1 /* ExtensionCheckOutKeranjangVC.swift in Sources */ = {isa = PBXBuildFile; fileRef = 676B7C56240CA7B6003D0FB1 /* ExtensionCheckOutKeranjangVC.swift */; };
		677EFC1C2411EE0600656CE4 /* MonitoringKlaimViewController.swift in Sources */ = {isa = PBXBuildFile; fileRef = 677EFC1B2411EE0600656CE4 /* MonitoringKlaimViewController.swift */; };
		677EFC1E2411EE1B00656CE4 /* ExtensionMonitoringKlaimVC.swift in Sources */ = {isa = PBXBuildFile; fileRef = 677EFC1D2411EE1B00656CE4 /* ExtensionMonitoringKlaimVC.swift */; };
		678E02CD2429D92600D7D935 /* DetailPolisBeliViewController.swift in Sources */ = {isa = PBXBuildFile; fileRef = 678E02CC2429D92600D7D935 /* DetailPolisBeliViewController.swift */; };
		678E02CF2429D94200D7D935 /* ExtensionDetailPolisBeliVC.swift in Sources */ = {isa = PBXBuildFile; fileRef = 678E02CE2429D94200D7D935 /* ExtensionDetailPolisBeliVC.swift */; };
		6791B5BF23F3B8E800E33F0C /* ExtensionCollectionBannerPromo.swift in Sources */ = {isa = PBXBuildFile; fileRef = 6791B5BE23F3B8E800E33F0C /* ExtensionCollectionBannerPromo.swift */; };
		67924D8E240CD6700099F26F /* BayarViewController.swift in Sources */ = {isa = PBXBuildFile; fileRef = 67924D8D240CD6700099F26F /* BayarViewController.swift */; };
		67924D90240CD6850099F26F /* ExtensionBayarVC.swift in Sources */ = {isa = PBXBuildFile; fileRef = 67924D8F240CD6850099F26F /* ExtensionBayarVC.swift */; };
		67924D92240CDCE10099F26F /* DetailBayarViewController.swift in Sources */ = {isa = PBXBuildFile; fileRef = 67924D91240CDCE10099F26F /* DetailBayarViewController.swift */; };
		67924D94240CDCF10099F26F /* ExtensionDetailBayarVC.swift in Sources */ = {isa = PBXBuildFile; fileRef = 67924D93240CDCF10099F26F /* ExtensionDetailBayarVC.swift */; };
		67924D97240E57170099F26F /* ProfileViewController.swift in Sources */ = {isa = PBXBuildFile; fileRef = 67924D96240E57170099F26F /* ProfileViewController.swift */; };
		67924D99240E572F0099F26F /* ExtensionProfileVC.swift in Sources */ = {isa = PBXBuildFile; fileRef = 67924D98240E572F0099F26F /* ExtensionProfileVC.swift */; };
		679338D22432C6FB002BB9F7 /* NotifikasiViewController.swift in Sources */ = {isa = PBXBuildFile; fileRef = 679338D12432C6FB002BB9F7 /* NotifikasiViewController.swift */; };
		679338D42432C790002BB9F7 /* ExtensionNotifikasiVC.swift in Sources */ = {isa = PBXBuildFile; fileRef = 679338D32432C790002BB9F7 /* ExtensionNotifikasiVC.swift */; };
		679C71EC240F85870092B1FA /* EditProfileViewController.swift in Sources */ = {isa = PBXBuildFile; fileRef = 679C71EB240F85870092B1FA /* EditProfileViewController.swift */; };
		679C71EE240F85A30092B1FA /* ExtensionEditProfileVC.swift in Sources */ = {isa = PBXBuildFile; fileRef = 679C71ED240F85A30092B1FA /* ExtensionEditProfileVC.swift */; };
		679C71F024108DF10092B1FA /* TentangKamiViewController.swift in Sources */ = {isa = PBXBuildFile; fileRef = 679C71EF24108DF10092B1FA /* TentangKamiViewController.swift */; };
		679C71F224108E0D0092B1FA /* ExtensionTentangKamiVC.swift in Sources */ = {isa = PBXBuildFile; fileRef = 679C71F124108E0D0092B1FA /* ExtensionTentangKamiVC.swift */; };
		679E5C942416353500107457 /* AvantGardeBookBT.ttf in Resources */ = {isa = PBXBuildFile; fileRef = 67288E8E23FBDB1F002E257C /* AvantGardeBookBT.ttf */; };
		679E5C952416353500107457 /* AvantGardeDemiBT.ttf in Resources */ = {isa = PBXBuildFile; fileRef = 67288E8D23FBDB1F002E257C /* AvantGardeDemiBT.ttf */; };
		679E5C962416353500107457 /* AvantGardeDemiObliqueBT.ttf in Resources */ = {isa = PBXBuildFile; fileRef = 67288E8F23FBDB1F002E257C /* AvantGardeDemiObliqueBT.ttf */; };
		679E5C972416353500107457 /* AVGARDN.TTF in Resources */ = {isa = PBXBuildFile; fileRef = 67288E8C23FBDB1F002E257C /* AVGARDN.TTF */; };
		679E5C982416353500107457 /* AVGARDNI.ttf in Resources */ = {isa = PBXBuildFile; fileRef = 67288E8B23FBDB1F002E257C /* AVGARDNI.ttf */; };
		679E5C992416353F00107457 /* Assets.xcassets in Resources */ = {isa = PBXBuildFile; fileRef = 6751E13723EC06B5008ACB56 /* Assets.xcassets */; };
		679E5C9A2416354D00107457 /* Main.storyboard in Resources */ = {isa = PBXBuildFile; fileRef = 6751E13123EC06B4008ACB56 /* Main.storyboard */; };
		679E5CA524172DBE00107457 /* Pods_NewDigiAsk.framework in Embed Frameworks */ = {isa = PBXBuildFile; fileRef = A078CAC6B5981AF843D17151 /* Pods_NewDigiAsk.framework */; settings = {ATTRIBUTES = (CodeSignOnCopy, RemoveHeadersOnCopy, ); }; };
		67B0AB00243E1660009AC66F /* DetailNotifikasiViewController.swift in Sources */ = {isa = PBXBuildFile; fileRef = 67B0AAFF243E165F009AC66F /* DetailNotifikasiViewController.swift */; };
		67B0AB02243E2101009AC66F /* EkstensionDetailNotifikasiVC.swift in Sources */ = {isa = PBXBuildFile; fileRef = 67B0AB01243E2101009AC66F /* EkstensionDetailNotifikasiVC.swift */; };
		67B0AB06243E2735009AC66F /* HubungiKamiViewController.swift in Sources */ = {isa = PBXBuildFile; fileRef = 67B0AB05243E2735009AC66F /* HubungiKamiViewController.swift */; };
		67B0AB08243E274D009AC66F /* ExtensionHubungiKamiVC.swift in Sources */ = {isa = PBXBuildFile; fileRef = 67B0AB07243E274D009AC66F /* ExtensionHubungiKamiVC.swift */; };
		67B0AB0A243E27B4009AC66F /* DetailHubungiKamiViewController.swift in Sources */ = {isa = PBXBuildFile; fileRef = 67B0AB09243E27B4009AC66F /* DetailHubungiKamiViewController.swift */; };
		67B0AB0C243E27CA009AC66F /* ExtensionDetailHubungiKamiVC.swift in Sources */ = {isa = PBXBuildFile; fileRef = 67B0AB0B243E27CA009AC66F /* ExtensionDetailHubungiKamiVC.swift */; };
		67CF8B9A240649D00032DBDE /* JenisProdukViewController.swift in Sources */ = {isa = PBXBuildFile; fileRef = 67CF8B99240649D00032DBDE /* JenisProdukViewController.swift */; };
		67CF8B9C24064A310032DBDE /* ExtensionJenisProdukVC.swift in Sources */ = {isa = PBXBuildFile; fileRef = 67CF8B9B24064A310032DBDE /* ExtensionJenisProdukVC.swift */; };
		67CF8B9E24066EF70032DBDE /* JenisProdukDetailViewController.swift in Sources */ = {isa = PBXBuildFile; fileRef = 67CF8B9D24066EF70032DBDE /* JenisProdukDetailViewController.swift */; };
		67CF8BA024066FBF0032DBDE /* ExtensionJenisProdukDetailVC.swift in Sources */ = {isa = PBXBuildFile; fileRef = 67CF8B9F24066FBF0032DBDE /* ExtensionJenisProdukDetailVC.swift */; };
		67CF8BA22406A2D60032DBDE /* SyaratdanKetentuanViewController.swift in Sources */ = {isa = PBXBuildFile; fileRef = 67CF8BA12406A2D60032DBDE /* SyaratdanKetentuanViewController.swift */; };
		67CF8BA42406A32C0032DBDE /* ExtensionSyaratdanKetentuanVC.swift in Sources */ = {isa = PBXBuildFile; fileRef = 67CF8BA32406A32C0032DBDE /* ExtensionSyaratdanKetentuanVC.swift */; };
		67D631932420A5A000197A39 /* InfoViewController.swift in Sources */ = {isa = PBXBuildFile; fileRef = 67D631922420A5A000197A39 /* InfoViewController.swift */; };
		67D631962420B08B00197A39 /* ExtensiInfoVC.swift in Sources */ = {isa = PBXBuildFile; fileRef = 67D631952420B08B00197A39 /* ExtensiInfoVC.swift */; };
		67D631982420D34200197A39 /* InfoDetailViewController.swift in Sources */ = {isa = PBXBuildFile; fileRef = 67D631972420D34200197A39 /* InfoDetailViewController.swift */; };
		67D6319A2420D35C00197A39 /* ExtensionInfoDetailVC.swift in Sources */ = {isa = PBXBuildFile; fileRef = 67D631992420D35C00197A39 /* ExtensionInfoDetailVC.swift */; };
		67D6319D2420DB7B00197A39 /* GaleryViewController.swift in Sources */ = {isa = PBXBuildFile; fileRef = 67D6319C2420DB7B00197A39 /* GaleryViewController.swift */; };
		67D631A22420E65C00197A39 /* ExtensionGaleryVC-.swift in Sources */ = {isa = PBXBuildFile; fileRef = 67D631A12420E65C00197A39 /* ExtensionGaleryVC-.swift */; };
		67D9764E242A0F3C001BA581 /* ExtensionListTertanggungVC.swift in Sources */ = {isa = PBXBuildFile; fileRef = 67D9764D242A0F3C001BA581 /* ExtensionListTertanggungVC.swift */; };
		67D97650242A0F5A001BA581 /* ListTertanggungViewController.swift in Sources */ = {isa = PBXBuildFile; fileRef = 67D9764F242A0F5A001BA581 /* ListTertanggungViewController.swift */; };
		67EA32492423CE7800ED9F1F /* DetailPolisViewController.swift in Sources */ = {isa = PBXBuildFile; fileRef = 67EA32482423CE7800ED9F1F /* DetailPolisViewController.swift */; };
		67EA324C2423CEC400ED9F1F /* ExtensionDetailPolisVC.swift in Sources */ = {isa = PBXBuildFile; fileRef = 67EA324B2423CEC400ED9F1F /* ExtensionDetailPolisVC.swift */; };
		67EA324E24247F7200ED9F1F /* DetailProdukPolisViewController.swift in Sources */ = {isa = PBXBuildFile; fileRef = 67EA324D24247F7200ED9F1F /* DetailProdukPolisViewController.swift */; };
		67EA325024247F8F00ED9F1F /* ExtensionDetailProdukPolisVC.swift in Sources */ = {isa = PBXBuildFile; fileRef = 67EA324F24247F8F00ED9F1F /* ExtensionDetailProdukPolisVC.swift */; };
		67EA325224250DF900ED9F1F /* DetailPolisKlaimViewController.swift in Sources */ = {isa = PBXBuildFile; fileRef = 67EA325124250DF900ED9F1F /* DetailPolisKlaimViewController.swift */; };
		67EA325424250E1800ED9F1F /* ExtensionDetailPolisKlaimVC.swift in Sources */ = {isa = PBXBuildFile; fileRef = 67EA325324250E1800ED9F1F /* ExtensionDetailPolisKlaimVC.swift */; };
		67EE59132407D73500404C6E /* IdentitasTertanggungdanPenerimaManfaatViewController.swift in Sources */ = {isa = PBXBuildFile; fileRef = 67EE59122407D73500404C6E /* IdentitasTertanggungdanPenerimaManfaatViewController.swift */; };
		67EE59152407D82900404C6E /* ExtensionIdentitasTertanggungPenerimaVC.swift in Sources */ = {isa = PBXBuildFile; fileRef = 67EE59142407D82900404C6E /* ExtensionIdentitasTertanggungPenerimaVC.swift */; };
		67EE59172408F05600404C6E /* KeranjangViewController.swift in Sources */ = {isa = PBXBuildFile; fileRef = 67EE59162408F05600404C6E /* KeranjangViewController.swift */; };
		67EE59192408F07300404C6E /* ExtensionKeranjangVC.swift in Sources */ = {isa = PBXBuildFile; fileRef = 67EE59182408F07300404C6E /* ExtensionKeranjangVC.swift */; };
		67EE591B24092A1100404C6E /* PembayaranViewController.swift in Sources */ = {isa = PBXBuildFile; fileRef = 67EE591A24092A1100404C6E /* PembayaranViewController.swift */; };
		67EE591D24092A2600404C6E /* ExtensionPembayaranVC.swift in Sources */ = {isa = PBXBuildFile; fileRef = 67EE591C24092A2600404C6E /* ExtensionPembayaranVC.swift */; };
		67F06E06241A264300B277B2 /* ProsesKlaimViewController.swift in Sources */ = {isa = PBXBuildFile; fileRef = 67F06E05241A264200B277B2 /* ProsesKlaimViewController.swift */; };
		67F06E08241A266600B277B2 /* ExtensionProsesKlaimVC.swift in Sources */ = {isa = PBXBuildFile; fileRef = 67F06E07241A266600B277B2 /* ExtensionProsesKlaimVC.swift */; };
		67F06E0A241B374900B277B2 /* AmbilFotoKTPViewController.swift in Sources */ = {isa = PBXBuildFile; fileRef = 67F06E09241B374800B277B2 /* AmbilFotoKTPViewController.swift */; };
		67F06E0C241B376300B277B2 /* ExtensionAmbilFotoKTPVC.swift in Sources */ = {isa = PBXBuildFile; fileRef = 67F06E0B241B376300B277B2 /* ExtensionAmbilFotoKTPVC.swift */; };
		67F06E0E241B454200B277B2 /* SuratBuktiKematianViewController.swift in Sources */ = {isa = PBXBuildFile; fileRef = 67F06E0D241B454200B277B2 /* SuratBuktiKematianViewController.swift */; };
		67F06E10241B456800B277B2 /* ExtensionSuratBuktiKematianVC.swift in Sources */ = {isa = PBXBuildFile; fileRef = 67F06E0F241B456800B277B2 /* ExtensionSuratBuktiKematianVC.swift */; };
		67F06E12241B494400B277B2 /* KartuKeluargaViewController.swift in Sources */ = {isa = PBXBuildFile; fileRef = 67F06E11241B494400B277B2 /* KartuKeluargaViewController.swift */; };
		67F06E14241B495D00B277B2 /* ExtensionKartuKeluargaVC.swift in Sources */ = {isa = PBXBuildFile; fileRef = 67F06E13241B495D00B277B2 /* ExtensionKartuKeluargaVC.swift */; };
		67F06E18241B5CAB00B277B2 /* ExtensionSubmitKlaimVC.swift in Sources */ = {isa = PBXBuildFile; fileRef = 67F06E17241B5CAB00B277B2 /* ExtensionSubmitKlaimVC.swift */; };
		67F06E1A241B5F5C00B277B2 /* SubmitKlaimViewController.swift in Sources */ = {isa = PBXBuildFile; fileRef = 67F06E19241B5F5C00B277B2 /* SubmitKlaimViewController.swift */; };
		67F06E1C241B7E6D00B277B2 /* DeskripsiProdukViewController.swift in Sources */ = {isa = PBXBuildFile; fileRef = 67F06E1B241B7E6D00B277B2 /* DeskripsiProdukViewController.swift */; };
		67F06E1E241B7E8800B277B2 /* ExtensionDeskripsiProdukVC.swift in Sources */ = {isa = PBXBuildFile; fileRef = 67F06E1D241B7E8800B277B2 /* ExtensionDeskripsiProdukVC.swift */; };
		8275B861BDFC58E77934DE58 /* Pods_NewDigiAsk.framework in Frameworks */ = {isa = PBXBuildFile; fileRef = D6A3FF8B9A3FF0B16B47C482 /* Pods_NewDigiAsk.framework */; };
/* End PBXBuildFile section */

/* Begin PBXCopyFilesBuildPhase section */
		679E5C8F2416224000107457 /* Embed Frameworks */ = {
			isa = PBXCopyFilesBuildPhase;
			buildActionMask = 2147483647;
			dstPath = "";
			dstSubfolderSpec = 10;
			files = (
				679E5CA524172DBE00107457 /* Pods_NewDigiAsk.framework in Embed Frameworks */,
			);
			name = "Embed Frameworks";
			runOnlyForDeploymentPostprocessing = 0;
		};
/* End PBXCopyFilesBuildPhase section */

/* Begin PBXFileReference section */
		67104EBF23FE35140035343F /* VerifikasiViewController.swift */ = {isa = PBXFileReference; lastKnownFileType = sourcecode.swift; path = VerifikasiViewController.swift; sourceTree = "<group>"; };
		67104EC123FE6FCD0035343F /* InputKodeVerifikasiViewController.swift */ = {isa = PBXFileReference; lastKnownFileType = sourcecode.swift; path = InputKodeVerifikasiViewController.swift; sourceTree = "<group>"; };
		6728574224109F24005E3B6D /* KlaimViewController.swift */ = {isa = PBXFileReference; lastKnownFileType = sourcecode.swift; path = KlaimViewController.swift; sourceTree = "<group>"; };
		6728574424109F3A005E3B6D /* ExtensionKlaimVC.swift */ = {isa = PBXFileReference; lastKnownFileType = sourcecode.swift; path = ExtensionKlaimVC.swift; sourceTree = "<group>"; };
		672857462410A9FE005E3B6D /* PolisViewController.swift */ = {isa = PBXFileReference; lastKnownFileType = sourcecode.swift; path = PolisViewController.swift; sourceTree = "<group>"; };
		672857482410AA10005E3B6D /* ExtensionPolisVC.swift */ = {isa = PBXFileReference; lastKnownFileType = sourcecode.swift; path = ExtensionPolisVC.swift; sourceTree = "<group>"; };
		67288E8823FBA19F002E257C /* ExtensionHomeMenu.swift */ = {isa = PBXFileReference; lastKnownFileType = sourcecode.swift; path = ExtensionHomeMenu.swift; sourceTree = "<group>"; };
		67288E8B23FBDB1F002E257C /* AVGARDNI.ttf */ = {isa = PBXFileReference; lastKnownFileType = file; path = AVGARDNI.ttf; sourceTree = "<group>"; };
		67288E8C23FBDB1F002E257C /* AVGARDN.TTF */ = {isa = PBXFileReference; lastKnownFileType = file; path = AVGARDN.TTF; sourceTree = "<group>"; };
		67288E8D23FBDB1F002E257C /* AvantGardeDemiBT.ttf */ = {isa = PBXFileReference; lastKnownFileType = file; path = AvantGardeDemiBT.ttf; sourceTree = "<group>"; };
		67288E8E23FBDB1F002E257C /* AvantGardeBookBT.ttf */ = {isa = PBXFileReference; lastKnownFileType = file; path = AvantGardeBookBT.ttf; sourceTree = "<group>"; };
		67288E8F23FBDB1F002E257C /* AvantGardeDemiObliqueBT.ttf */ = {isa = PBXFileReference; lastKnownFileType = file; path = AvantGardeDemiObliqueBT.ttf; sourceTree = "<group>"; };
		67288E9523FCE4D2002E257C /* DaftarAccountViewController.swift */ = {isa = PBXFileReference; lastKnownFileType = sourcecode.swift; path = DaftarAccountViewController.swift; sourceTree = "<group>"; };
		67288E9723FCE53A002E257C /* ExtensionDaftarVC.swift */ = {isa = PBXFileReference; lastKnownFileType = sourcecode.swift; path = ExtensionDaftarVC.swift; sourceTree = "<group>"; };
		6728F09E24050BCA00A2C605 /* PresentationManager.swift */ = {isa = PBXFileReference; lastKnownFileType = sourcecode.swift; path = PresentationManager.swift; sourceTree = "<group>"; };
		6728F0A024050C0B00A2C605 /* PresentationController.swift */ = {isa = PBXFileReference; lastKnownFileType = sourcecode.swift; path = PresentationController.swift; sourceTree = "<group>"; };
		6728F0A224050CB500A2C605 /* ProdukDetailViewController.swift */ = {isa = PBXFileReference; lastKnownFileType = sourcecode.swift; path = ProdukDetailViewController.swift; sourceTree = "<group>"; };
		6728F0A424050D2E00A2C605 /* ExtensionProdukDetailVC.swift */ = {isa = PBXFileReference; lastKnownFileType = sourcecode.swift; path = ExtensionProdukDetailVC.swift; sourceTree = "<group>"; };
		67392AF024018A69007630DF /* LengkapiDataViewController.swift */ = {isa = PBXFileReference; lastKnownFileType = sourcecode.swift; path = LengkapiDataViewController.swift; sourceTree = "<group>"; };
		67392AF22403B3A2007630DF /* ProdukViewController.swift */ = {isa = PBXFileReference; lastKnownFileType = sourcecode.swift; path = ProdukViewController.swift; sourceTree = "<group>"; };
		67392AF42403B76C007630DF /* ExtensionProdukVC.swift */ = {isa = PBXFileReference; lastKnownFileType = sourcecode.swift; path = ExtensionProdukVC.swift; sourceTree = "<group>"; };
		6742325C242C4BB300A07141 /* DaftarTertanggungViewController.swift */ = {isa = PBXFileReference; lastKnownFileType = sourcecode.swift; path = DaftarTertanggungViewController.swift; sourceTree = "<group>"; };
		6742325E242C4BCD00A07141 /* ExtensionDaftarTertanggungVC.swift */ = {isa = PBXFileReference; lastKnownFileType = sourcecode.swift; path = ExtensionDaftarTertanggungVC.swift; sourceTree = "<group>"; };
		67423260242C79B500A07141 /* AddTertanggungViewController.swift */ = {isa = PBXFileReference; lastKnownFileType = sourcecode.swift; path = AddTertanggungViewController.swift; sourceTree = "<group>"; };
		67423262242C79D100A07141 /* ExtensionAddTertanggungVC.swift */ = {isa = PBXFileReference; lastKnownFileType = sourcecode.swift; path = ExtensionAddTertanggungVC.swift; sourceTree = "<group>"; };
		6751E12A23EC06B4008ACB56 /* NewDigiAsk.app */ = {isa = PBXFileReference; explicitFileType = wrapper.application; includeInIndex = 0; path = NewDigiAsk.app; sourceTree = BUILT_PRODUCTS_DIR; };
		6751E12D23EC06B4008ACB56 /* AppDelegate.swift */ = {isa = PBXFileReference; lastKnownFileType = sourcecode.swift; path = AppDelegate.swift; sourceTree = "<group>"; };
		6751E12F23EC06B4008ACB56 /* HomeMenuViewController.swift */ = {isa = PBXFileReference; lastKnownFileType = sourcecode.swift; path = HomeMenuViewController.swift; sourceTree = "<group>"; };
		6751E13223EC06B4008ACB56 /* Base */ = {isa = PBXFileReference; lastKnownFileType = file.storyboard; name = Base; path = Base.lproj/Main.storyboard; sourceTree = "<group>"; };
		6751E13523EC06B4008ACB56 /* NewDigiAsk.xcdatamodel */ = {isa = PBXFileReference; lastKnownFileType = wrapper.xcdatamodel; path = NewDigiAsk.xcdatamodel; sourceTree = "<group>"; };
		6751E13723EC06B5008ACB56 /* Assets.xcassets */ = {isa = PBXFileReference; lastKnownFileType = folder.assetcatalog; path = Assets.xcassets; sourceTree = "<group>"; };
		6751E13A23EC06B5008ACB56 /* Base */ = {isa = PBXFileReference; lastKnownFileType = file.storyboard; name = Base; path = Base.lproj/LaunchScreen.storyboard; sourceTree = "<group>"; };
		6751E13C23EC06B5008ACB56 /* Info.plist */ = {isa = PBXFileReference; lastKnownFileType = text.plist.xml; path = Info.plist; sourceTree = "<group>"; };
		6753A2C623F532F9000F7CE1 /* UIHelper.swift */ = {isa = PBXFileReference; lastKnownFileType = sourcecode.swift; path = UIHelper.swift; sourceTree = "<group>"; };
		676B7C54240CA762003D0FB1 /* CheckOutKeranjangViewController.swift */ = {isa = PBXFileReference; lastKnownFileType = sourcecode.swift; path = CheckOutKeranjangViewController.swift; sourceTree = "<group>"; };
		676B7C56240CA7B6003D0FB1 /* ExtensionCheckOutKeranjangVC.swift */ = {isa = PBXFileReference; lastKnownFileType = sourcecode.swift; path = ExtensionCheckOutKeranjangVC.swift; sourceTree = "<group>"; };
		677EFC1B2411EE0600656CE4 /* MonitoringKlaimViewController.swift */ = {isa = PBXFileReference; lastKnownFileType = sourcecode.swift; path = MonitoringKlaimViewController.swift; sourceTree = "<group>"; };
		677EFC1D2411EE1B00656CE4 /* ExtensionMonitoringKlaimVC.swift */ = {isa = PBXFileReference; lastKnownFileType = sourcecode.swift; path = ExtensionMonitoringKlaimVC.swift; sourceTree = "<group>"; };
		678E02CC2429D92600D7D935 /* DetailPolisBeliViewController.swift */ = {isa = PBXFileReference; lastKnownFileType = sourcecode.swift; path = DetailPolisBeliViewController.swift; sourceTree = "<group>"; };
		678E02CE2429D94200D7D935 /* ExtensionDetailPolisBeliVC.swift */ = {isa = PBXFileReference; lastKnownFileType = sourcecode.swift; path = ExtensionDetailPolisBeliVC.swift; sourceTree = "<group>"; };
		6791B5BE23F3B8E800E33F0C /* ExtensionCollectionBannerPromo.swift */ = {isa = PBXFileReference; lastKnownFileType = sourcecode.swift; path = ExtensionCollectionBannerPromo.swift; sourceTree = "<group>"; };
		67924D8D240CD6700099F26F /* BayarViewController.swift */ = {isa = PBXFileReference; lastKnownFileType = sourcecode.swift; path = BayarViewController.swift; sourceTree = "<group>"; };
		67924D8F240CD6850099F26F /* ExtensionBayarVC.swift */ = {isa = PBXFileReference; lastKnownFileType = sourcecode.swift; path = ExtensionBayarVC.swift; sourceTree = "<group>"; };
		67924D91240CDCE10099F26F /* DetailBayarViewController.swift */ = {isa = PBXFileReference; lastKnownFileType = sourcecode.swift; path = DetailBayarViewController.swift; sourceTree = "<group>"; };
		67924D93240CDCF10099F26F /* ExtensionDetailBayarVC.swift */ = {isa = PBXFileReference; lastKnownFileType = sourcecode.swift; path = ExtensionDetailBayarVC.swift; sourceTree = "<group>"; };
		67924D96240E57170099F26F /* ProfileViewController.swift */ = {isa = PBXFileReference; lastKnownFileType = sourcecode.swift; path = ProfileViewController.swift; sourceTree = "<group>"; };
		67924D98240E572F0099F26F /* ExtensionProfileVC.swift */ = {isa = PBXFileReference; lastKnownFileType = sourcecode.swift; path = ExtensionProfileVC.swift; sourceTree = "<group>"; };
		679338D12432C6FB002BB9F7 /* NotifikasiViewController.swift */ = {isa = PBXFileReference; lastKnownFileType = sourcecode.swift; path = NotifikasiViewController.swift; sourceTree = "<group>"; };
		679338D32432C790002BB9F7 /* ExtensionNotifikasiVC.swift */ = {isa = PBXFileReference; lastKnownFileType = sourcecode.swift; path = ExtensionNotifikasiVC.swift; sourceTree = "<group>"; };
		679C71EB240F85870092B1FA /* EditProfileViewController.swift */ = {isa = PBXFileReference; lastKnownFileType = sourcecode.swift; path = EditProfileViewController.swift; sourceTree = "<group>"; };
		679C71ED240F85A30092B1FA /* ExtensionEditProfileVC.swift */ = {isa = PBXFileReference; lastKnownFileType = sourcecode.swift; path = ExtensionEditProfileVC.swift; sourceTree = "<group>"; };
		679C71EF24108DF10092B1FA /* TentangKamiViewController.swift */ = {isa = PBXFileReference; lastKnownFileType = sourcecode.swift; path = TentangKamiViewController.swift; sourceTree = "<group>"; };
		679C71F124108E0D0092B1FA /* ExtensionTentangKamiVC.swift */ = {isa = PBXFileReference; lastKnownFileType = sourcecode.swift; path = ExtensionTentangKamiVC.swift; sourceTree = "<group>"; };
		679E5CA72417305100107457 /* PinCodeTextField.framework */ = {isa = PBXFileReference; lastKnownFileType = wrapper.framework; name = PinCodeTextField.framework; path = "../../../../Library/Developer/Xcode/DerivedData/NewDigiAsk-axcgyhacvyiiroejhfzxegywupsm/Build/Products/Debug-iphonesimulator/PinCodeTextField/PinCodeTextField.framework"; sourceTree = "<group>"; };
		67B0AAFF243E165F009AC66F /* DetailNotifikasiViewController.swift */ = {isa = PBXFileReference; lastKnownFileType = sourcecode.swift; path = DetailNotifikasiViewController.swift; sourceTree = "<group>"; };
		67B0AB01243E2101009AC66F /* EkstensionDetailNotifikasiVC.swift */ = {isa = PBXFileReference; lastKnownFileType = sourcecode.swift; path = EkstensionDetailNotifikasiVC.swift; sourceTree = "<group>"; };
		67B0AB05243E2735009AC66F /* HubungiKamiViewController.swift */ = {isa = PBXFileReference; lastKnownFileType = sourcecode.swift; path = HubungiKamiViewController.swift; sourceTree = "<group>"; };
		67B0AB07243E274D009AC66F /* ExtensionHubungiKamiVC.swift */ = {isa = PBXFileReference; lastKnownFileType = sourcecode.swift; path = ExtensionHubungiKamiVC.swift; sourceTree = "<group>"; };
		67B0AB09243E27B4009AC66F /* DetailHubungiKamiViewController.swift */ = {isa = PBXFileReference; lastKnownFileType = sourcecode.swift; path = DetailHubungiKamiViewController.swift; sourceTree = "<group>"; };
		67B0AB0B243E27CA009AC66F /* ExtensionDetailHubungiKamiVC.swift */ = {isa = PBXFileReference; lastKnownFileType = sourcecode.swift; path = ExtensionDetailHubungiKamiVC.swift; sourceTree = "<group>"; };
		67CF8B99240649D00032DBDE /* JenisProdukViewController.swift */ = {isa = PBXFileReference; lastKnownFileType = sourcecode.swift; path = JenisProdukViewController.swift; sourceTree = "<group>"; };
		67CF8B9B24064A310032DBDE /* ExtensionJenisProdukVC.swift */ = {isa = PBXFileReference; lastKnownFileType = sourcecode.swift; path = ExtensionJenisProdukVC.swift; sourceTree = "<group>"; };
		67CF8B9D24066EF70032DBDE /* JenisProdukDetailViewController.swift */ = {isa = PBXFileReference; lastKnownFileType = sourcecode.swift; path = JenisProdukDetailViewController.swift; sourceTree = "<group>"; };
		67CF8B9F24066FBF0032DBDE /* ExtensionJenisProdukDetailVC.swift */ = {isa = PBXFileReference; lastKnownFileType = sourcecode.swift; path = ExtensionJenisProdukDetailVC.swift; sourceTree = "<group>"; };
		67CF8BA12406A2D60032DBDE /* SyaratdanKetentuanViewController.swift */ = {isa = PBXFileReference; lastKnownFileType = sourcecode.swift; path = SyaratdanKetentuanViewController.swift; sourceTree = "<group>"; };
		67CF8BA32406A32C0032DBDE /* ExtensionSyaratdanKetentuanVC.swift */ = {isa = PBXFileReference; lastKnownFileType = sourcecode.swift; path = ExtensionSyaratdanKetentuanVC.swift; sourceTree = "<group>"; };
		67D631922420A5A000197A39 /* InfoViewController.swift */ = {isa = PBXFileReference; lastKnownFileType = sourcecode.swift; path = InfoViewController.swift; sourceTree = "<group>"; };
		67D631952420B08B00197A39 /* ExtensiInfoVC.swift */ = {isa = PBXFileReference; lastKnownFileType = sourcecode.swift; path = ExtensiInfoVC.swift; sourceTree = "<group>"; };
		67D631972420D34200197A39 /* InfoDetailViewController.swift */ = {isa = PBXFileReference; lastKnownFileType = sourcecode.swift; path = InfoDetailViewController.swift; sourceTree = "<group>"; };
		67D631992420D35C00197A39 /* ExtensionInfoDetailVC.swift */ = {isa = PBXFileReference; lastKnownFileType = sourcecode.swift; path = ExtensionInfoDetailVC.swift; sourceTree = "<group>"; };
		67D6319C2420DB7B00197A39 /* GaleryViewController.swift */ = {isa = PBXFileReference; lastKnownFileType = sourcecode.swift; path = GaleryViewController.swift; sourceTree = "<group>"; };
		67D631A12420E65C00197A39 /* ExtensionGaleryVC-.swift */ = {isa = PBXFileReference; lastKnownFileType = sourcecode.swift; path = "ExtensionGaleryVC-.swift"; sourceTree = "<group>"; };
		67D9764D242A0F3C001BA581 /* ExtensionListTertanggungVC.swift */ = {isa = PBXFileReference; lastKnownFileType = sourcecode.swift; path = ExtensionListTertanggungVC.swift; sourceTree = "<group>"; };
		67D9764F242A0F5A001BA581 /* ListTertanggungViewController.swift */ = {isa = PBXFileReference; lastKnownFileType = sourcecode.swift; path = ListTertanggungViewController.swift; sourceTree = "<group>"; };
		67EA32482423CE7800ED9F1F /* DetailPolisViewController.swift */ = {isa = PBXFileReference; lastKnownFileType = sourcecode.swift; path = DetailPolisViewController.swift; sourceTree = "<group>"; };
		67EA324B2423CEC400ED9F1F /* ExtensionDetailPolisVC.swift */ = {isa = PBXFileReference; lastKnownFileType = sourcecode.swift; path = ExtensionDetailPolisVC.swift; sourceTree = "<group>"; };
		67EA324D24247F7200ED9F1F /* DetailProdukPolisViewController.swift */ = {isa = PBXFileReference; lastKnownFileType = sourcecode.swift; path = DetailProdukPolisViewController.swift; sourceTree = "<group>"; };
		67EA324F24247F8F00ED9F1F /* ExtensionDetailProdukPolisVC.swift */ = {isa = PBXFileReference; lastKnownFileType = sourcecode.swift; path = ExtensionDetailProdukPolisVC.swift; sourceTree = "<group>"; };
		67EA325124250DF900ED9F1F /* DetailPolisKlaimViewController.swift */ = {isa = PBXFileReference; lastKnownFileType = sourcecode.swift; path = DetailPolisKlaimViewController.swift; sourceTree = "<group>"; };
		67EA325324250E1800ED9F1F /* ExtensionDetailPolisKlaimVC.swift */ = {isa = PBXFileReference; lastKnownFileType = sourcecode.swift; path = ExtensionDetailPolisKlaimVC.swift; sourceTree = "<group>"; };
		67EE59122407D73500404C6E /* IdentitasTertanggungdanPenerimaManfaatViewController.swift */ = {isa = PBXFileReference; lastKnownFileType = sourcecode.swift; path = IdentitasTertanggungdanPenerimaManfaatViewController.swift; sourceTree = "<group>"; };
		67EE59142407D82900404C6E /* ExtensionIdentitasTertanggungPenerimaVC.swift */ = {isa = PBXFileReference; lastKnownFileType = sourcecode.swift; path = ExtensionIdentitasTertanggungPenerimaVC.swift; sourceTree = "<group>"; };
		67EE59162408F05600404C6E /* KeranjangViewController.swift */ = {isa = PBXFileReference; lastKnownFileType = sourcecode.swift; path = KeranjangViewController.swift; sourceTree = "<group>"; };
		67EE59182408F07300404C6E /* ExtensionKeranjangVC.swift */ = {isa = PBXFileReference; lastKnownFileType = sourcecode.swift; path = ExtensionKeranjangVC.swift; sourceTree = "<group>"; };
		67EE591A24092A1100404C6E /* PembayaranViewController.swift */ = {isa = PBXFileReference; lastKnownFileType = sourcecode.swift; path = PembayaranViewController.swift; sourceTree = "<group>"; };
		67EE591C24092A2600404C6E /* ExtensionPembayaranVC.swift */ = {isa = PBXFileReference; lastKnownFileType = sourcecode.swift; path = ExtensionPembayaranVC.swift; sourceTree = "<group>"; };
		67F06E05241A264200B277B2 /* ProsesKlaimViewController.swift */ = {isa = PBXFileReference; lastKnownFileType = sourcecode.swift; path = ProsesKlaimViewController.swift; sourceTree = "<group>"; };
		67F06E07241A266600B277B2 /* ExtensionProsesKlaimVC.swift */ = {isa = PBXFileReference; lastKnownFileType = sourcecode.swift; path = ExtensionProsesKlaimVC.swift; sourceTree = "<group>"; };
		67F06E09241B374800B277B2 /* AmbilFotoKTPViewController.swift */ = {isa = PBXFileReference; lastKnownFileType = sourcecode.swift; path = AmbilFotoKTPViewController.swift; sourceTree = "<group>"; };
		67F06E0B241B376300B277B2 /* ExtensionAmbilFotoKTPVC.swift */ = {isa = PBXFileReference; lastKnownFileType = sourcecode.swift; path = ExtensionAmbilFotoKTPVC.swift; sourceTree = "<group>"; };
		67F06E0D241B454200B277B2 /* SuratBuktiKematianViewController.swift */ = {isa = PBXFileReference; lastKnownFileType = sourcecode.swift; path = SuratBuktiKematianViewController.swift; sourceTree = "<group>"; };
		67F06E0F241B456800B277B2 /* ExtensionSuratBuktiKematianVC.swift */ = {isa = PBXFileReference; lastKnownFileType = sourcecode.swift; path = ExtensionSuratBuktiKematianVC.swift; sourceTree = "<group>"; };
		67F06E11241B494400B277B2 /* KartuKeluargaViewController.swift */ = {isa = PBXFileReference; lastKnownFileType = sourcecode.swift; path = KartuKeluargaViewController.swift; sourceTree = "<group>"; };
		67F06E13241B495D00B277B2 /* ExtensionKartuKeluargaVC.swift */ = {isa = PBXFileReference; lastKnownFileType = sourcecode.swift; path = ExtensionKartuKeluargaVC.swift; sourceTree = "<group>"; };
		67F06E17241B5CAB00B277B2 /* ExtensionSubmitKlaimVC.swift */ = {isa = PBXFileReference; lastKnownFileType = sourcecode.swift; path = ExtensionSubmitKlaimVC.swift; sourceTree = "<group>"; };
		67F06E19241B5F5C00B277B2 /* SubmitKlaimViewController.swift */ = {isa = PBXFileReference; lastKnownFileType = sourcecode.swift; path = SubmitKlaimViewController.swift; sourceTree = "<group>"; };
		67F06E1B241B7E6D00B277B2 /* DeskripsiProdukViewController.swift */ = {isa = PBXFileReference; lastKnownFileType = sourcecode.swift; path = DeskripsiProdukViewController.swift; sourceTree = "<group>"; };
		67F06E1D241B7E8800B277B2 /* ExtensionDeskripsiProdukVC.swift */ = {isa = PBXFileReference; lastKnownFileType = sourcecode.swift; path = ExtensionDeskripsiProdukVC.swift; sourceTree = "<group>"; };
		A078CAC6B5981AF843D17151 /* Pods_NewDigiAsk.framework */ = {isa = PBXFileReference; explicitFileType = wrapper.framework; includeInIndex = 0; path = Pods_NewDigiAsk.framework; sourceTree = BUILT_PRODUCTS_DIR; };
		CDAC6D45BFBE83B975F02063 /* Pods-NewDigiAsk.release.xcconfig */ = {isa = PBXFileReference; includeInIndex = 1; lastKnownFileType = text.xcconfig; name = "Pods-NewDigiAsk.release.xcconfig"; path = "Target Support Files/Pods-NewDigiAsk/Pods-NewDigiAsk.release.xcconfig"; sourceTree = "<group>"; };
		CEBB39A43EB40BB39ACFCE29 /* Pods-NewDigiAsk.debug.xcconfig */ = {isa = PBXFileReference; includeInIndex = 1; lastKnownFileType = text.xcconfig; name = "Pods-NewDigiAsk.debug.xcconfig"; path = "Target Support Files/Pods-NewDigiAsk/Pods-NewDigiAsk.debug.xcconfig"; sourceTree = "<group>"; };
		D6A3FF8B9A3FF0B16B47C482 /* Pods_NewDigiAsk.framework */ = {isa = PBXFileReference; explicitFileType = wrapper.framework; includeInIndex = 0; path = Pods_NewDigiAsk.framework; sourceTree = BUILT_PRODUCTS_DIR; };
/* End PBXFileReference section */

/* Begin PBXFrameworksBuildPhase section */
		6751E12723EC06B4008ACB56 /* Frameworks */ = {
			isa = PBXFrameworksBuildPhase;
			buildActionMask = 2147483647;
			files = (
				8275B861BDFC58E77934DE58 /* Pods_NewDigiAsk.framework in Frameworks */,
			);
			runOnlyForDeploymentPostprocessing = 0;
		};
/* End PBXFrameworksBuildPhase section */

/* Begin PBXGroup section */
		1940AB3185AD02CAA7E784F8 /* Frameworks */ = {
			isa = PBXGroup;
			children = (
				D6A3FF8B9A3FF0B16B47C482 /* Pods_NewDigiAsk.framework */,
			);
			name = Frameworks;
			sourceTree = "<group>";
		};
		6710FE882430E842001EE87F /* Daftar */ = {
			isa = PBXGroup;
			children = (
				67288E9523FCE4D2002E257C /* DaftarAccountViewController.swift */,
				67104EBF23FE35140035343F /* VerifikasiViewController.swift */,
				67104EC123FE6FCD0035343F /* InputKodeVerifikasiViewController.swift */,
				67392AF024018A69007630DF /* LengkapiDataViewController.swift */,
			);
			path = Daftar;
			sourceTree = "<group>";
		};
		6710FE892430E9E9001EE87F /* ProfileVC */ = {
			isa = PBXGroup;
			children = (
				67924D98240E572F0099F26F /* ExtensionProfileVC.swift */,
				679C71ED240F85A30092B1FA /* ExtensionEditProfileVC.swift */,
				679C71F124108E0D0092B1FA /* ExtensionTentangKamiVC.swift */,
				672857482410AA10005E3B6D /* ExtensionPolisVC.swift */,
				677EFC1D2411EE1B00656CE4 /* ExtensionMonitoringKlaimVC.swift */,
				67F06E07241A266600B277B2 /* ExtensionProsesKlaimVC.swift */,
				67F06E0B241B376300B277B2 /* ExtensionAmbilFotoKTPVC.swift */,
				67F06E0F241B456800B277B2 /* ExtensionSuratBuktiKematianVC.swift */,
				67F06E13241B495D00B277B2 /* ExtensionKartuKeluargaVC.swift */,
				67F06E17241B5CAB00B277B2 /* ExtensionSubmitKlaimVC.swift */,
			);
			path = ProfileVC;
			sourceTree = "<group>";
		};
		6710FE8A2430EA37001EE87F /* DaftarVC */ = {
			isa = PBXGroup;
			children = (
				67288E9723FCE53A002E257C /* ExtensionDaftarVC.swift */,
			);
			path = DaftarVC;
			sourceTree = "<group>";
		};
		6710FE8B2430EA94001EE87F /* HomeVC */ = {
			isa = PBXGroup;
			children = (
				67288E8823FBA19F002E257C /* ExtensionHomeMenu.swift */,
			);
			path = HomeVC;
			sourceTree = "<group>";
		};
		6710FE8C2430EAE1001EE87F /* Produk Asuransi VC */ = {
			isa = PBXGroup;
			children = (
				67392AF42403B76C007630DF /* ExtensionProdukVC.swift */,
				6728F0A424050D2E00A2C605 /* ExtensionProdukDetailVC.swift */,
				67CF8B9B24064A310032DBDE /* ExtensionJenisProdukVC.swift */,
				67CF8B9F24066FBF0032DBDE /* ExtensionJenisProdukDetailVC.swift */,
				67F06E1D241B7E8800B277B2 /* ExtensionDeskripsiProdukVC.swift */,
				67CF8BA32406A32C0032DBDE /* ExtensionSyaratdanKetentuanVC.swift */,
				67EE59142407D82900404C6E /* ExtensionIdentitasTertanggungPenerimaVC.swift */,
				67EE59182408F07300404C6E /* ExtensionKeranjangVC.swift */,
				676B7C56240CA7B6003D0FB1 /* ExtensionCheckOutKeranjangVC.swift */,
				67EE591C24092A2600404C6E /* ExtensionPembayaranVC.swift */,
				67924D8F240CD6850099F26F /* ExtensionBayarVC.swift */,
				67924D93240CDCF10099F26F /* ExtensionDetailBayarVC.swift */,
			);
			path = "Produk Asuransi VC";
			sourceTree = "<group>";
		};
		67288E8A23FBDAEC002E257C /* Font */ = {
			isa = PBXGroup;
			children = (
				67288E8E23FBDB1F002E257C /* AvantGardeBookBT.ttf */,
				67288E8D23FBDB1F002E257C /* AvantGardeDemiBT.ttf */,
				67288E8F23FBDB1F002E257C /* AvantGardeDemiObliqueBT.ttf */,
				67288E8C23FBDB1F002E257C /* AVGARDN.TTF */,
				67288E8B23FBDB1F002E257C /* AVGARDNI.ttf */,
			);
			path = Font;
			sourceTree = "<group>";
		};
		6728F09D24050B2200A2C605 /* CardView */ = {
			isa = PBXGroup;
			children = (
				6728F09E24050BCA00A2C605 /* PresentationManager.swift */,
				6728F0A024050C0B00A2C605 /* PresentationController.swift */,
			);
			path = CardView;
			sourceTree = "<group>";
		};
		6751E12123EC06B4008ACB56 = {
			isa = PBXGroup;
			children = (
				679E5CA72417305100107457 /* PinCodeTextField.framework */,
				6751E12C23EC06B4008ACB56 /* NewDigiAsk */,
				6751E12B23EC06B4008ACB56 /* Products */,
				960B71AB39D62E71678CDEC0 /* Pods */,
				1940AB3185AD02CAA7E784F8 /* Frameworks */,
				679E5CAC241733FA00107457 /* Recovered References */,
			);
			sourceTree = "<group>";
		};
		6751E12B23EC06B4008ACB56 /* Products */ = {
			isa = PBXGroup;
			children = (
				6751E12A23EC06B4008ACB56 /* NewDigiAsk.app */,
			);
			name = Products;
			sourceTree = "<group>";
		};
		6751E12C23EC06B4008ACB56 /* NewDigiAsk */ = {
			isa = PBXGroup;
			children = (
				676D3F0523F2478F00AF813D /* Controller */,
				676D3F0423F2477D00AF813D /* View Controller */,
				676D3F0323F2476E00AF813D /* Model */,
				6751E14223ED0846008ACB56 /* UI */,
				67288E8A23FBDAEC002E257C /* Font */,
				6751E12D23EC06B4008ACB56 /* AppDelegate.swift */,
				6751E13723EC06B5008ACB56 /* Assets.xcassets */,
				6751E13923EC06B5008ACB56 /* LaunchScreen.storyboard */,
				6751E13C23EC06B5008ACB56 /* Info.plist */,
				6751E13423EC06B4008ACB56 /* NewDigiAsk.xcdatamodeld */,
			);
			path = NewDigiAsk;
			sourceTree = "<group>";
		};
		6751E14223ED0846008ACB56 /* UI */ = {
			isa = PBXGroup;
			children = (
				67B0AB03243E2712009AC66F /* Hubungi Kami VC */,
				6710FE8B2430EA94001EE87F /* HomeVC */,
				6710FE8C2430EAE1001EE87F /* Produk Asuransi VC */,
				67EA324A2423CE8900ED9F1F /* PolisVC */,
				679338D02432C5EA002BB9F7 /* Notifikasi VC */,
				6710FE8A2430EA37001EE87F /* DaftarVC */,
				6710FE892430E9E9001EE87F /* ProfileVC */,
				67D9764C242A0F0D001BA581 /* List Penerima Manfaat VC */,
				67D97648242A0ED9001BA581 /* List Tertanggung VC */,
				67D631A02420E25F00197A39 /* GaleryVC */,
				67D631942420B06500197A39 /* InfoVC */,
				6728F09D24050B2200A2C605 /* CardView */,
				6751E13123EC06B4008ACB56 /* Main.storyboard */,
				6753A2C623F532F9000F7CE1 /* UIHelper.swift */,
				6791B5BE23F3B8E800E33F0C /* ExtensionCollectionBannerPromo.swift */,
				6728574424109F3A005E3B6D /* ExtensionKlaimVC.swift */,
			);
			path = UI;
			sourceTree = "<group>";
		};
		676D3F0323F2476E00AF813D /* Model */ = {
			isa = PBXGroup;
			children = (
			);
			path = Model;
			sourceTree = "<group>";
		};
		676D3F0423F2477D00AF813D /* View Controller */ = {
			isa = PBXGroup;
			children = (
				67B0AB04243E2721009AC66F /* Hubungi Kami */,
				67AE26D7242D9AEA00BC82F2 /* Home */,
				6710FE882430E842001EE87F /* Daftar */,
				67AE26D5242D9A3600BC82F2 /* Produk Asuransi */,
				67EA32472423CE5E00ED9F1F /* Polis */,
				67D631912420A55500197A39 /* Info */,
				67D6319B2420DB6900197A39 /* Galery */,
				679338CF2432C5BE002BB9F7 /* Notifikasi */,
				67AE26D8242D9B0300BC82F2 /* Klaim */,
				67AE26D6242D9A8C00BC82F2 /* Profile */,
				67D97645242A0E93001BA581 /* List Penerima Manfaat */,
				67D97644242A0E1C001BA581 /* List Tertanggung */,
			);
			path = "View Controller";
			sourceTree = "<group>";
		};
		676D3F0523F2478F00AF813D /* Controller */ = {
			isa = PBXGroup;
			children = (
			);
			path = Controller;
			sourceTree = "<group>";
		};
		679338CF2432C5BE002BB9F7 /* Notifikasi */ = {
			isa = PBXGroup;
			children = (
				679338D12432C6FB002BB9F7 /* NotifikasiViewController.swift */,
				67B0AAFF243E165F009AC66F /* DetailNotifikasiViewController.swift */,
			);
			path = Notifikasi;
			sourceTree = "<group>";
		};
		679338D02432C5EA002BB9F7 /* Notifikasi VC */ = {
			isa = PBXGroup;
			children = (
				679338D32432C790002BB9F7 /* ExtensionNotifikasiVC.swift */,
				67B0AB01243E2101009AC66F /* EkstensionDetailNotifikasiVC.swift */,
			);
			path = "Notifikasi VC";
			sourceTree = "<group>";
		};
		679E5CAC241733FA00107457 /* Recovered References */ = {
			isa = PBXGroup;
			children = (
				A078CAC6B5981AF843D17151 /* Pods_NewDigiAsk.framework */,
			);
			name = "Recovered References";
			sourceTree = "<group>";
		};
		67AE26D5242D9A3600BC82F2 /* Produk Asuransi */ = {
			isa = PBXGroup;
			children = (
				67392AF22403B3A2007630DF /* ProdukViewController.swift */,
				6728F0A224050CB500A2C605 /* ProdukDetailViewController.swift */,
				67CF8B99240649D00032DBDE /* JenisProdukViewController.swift */,
				67F06E1B241B7E6D00B277B2 /* DeskripsiProdukViewController.swift */,
				67CF8B9D24066EF70032DBDE /* JenisProdukDetailViewController.swift */,
				67CF8BA12406A2D60032DBDE /* SyaratdanKetentuanViewController.swift */,
				67EE59122407D73500404C6E /* IdentitasTertanggungdanPenerimaManfaatViewController.swift */,
				67EE59162408F05600404C6E /* KeranjangViewController.swift */,
				676B7C54240CA762003D0FB1 /* CheckOutKeranjangViewController.swift */,
				67EE591A24092A1100404C6E /* PembayaranViewController.swift */,
				67924D8D240CD6700099F26F /* BayarViewController.swift */,
				67924D91240CDCE10099F26F /* DetailBayarViewController.swift */,
			);
			path = "Produk Asuransi";
			sourceTree = "<group>";
		};
		67AE26D6242D9A8C00BC82F2 /* Profile */ = {
			isa = PBXGroup;
			children = (
				67924D96240E57170099F26F /* ProfileViewController.swift */,
				679C71EB240F85870092B1FA /* EditProfileViewController.swift */,
				679C71EF24108DF10092B1FA /* TentangKamiViewController.swift */,
				6728574224109F24005E3B6D /* KlaimViewController.swift */,
				672857462410A9FE005E3B6D /* PolisViewController.swift */,
				677EFC1B2411EE0600656CE4 /* MonitoringKlaimViewController.swift */,
				67F06E05241A264200B277B2 /* ProsesKlaimViewController.swift */,
			);
			path = Profile;
			sourceTree = "<group>";
		};
		67AE26D7242D9AEA00BC82F2 /* Home */ = {
			isa = PBXGroup;
			children = (
				6751E12F23EC06B4008ACB56 /* HomeMenuViewController.swift */,
			);
			path = Home;
			sourceTree = "<group>";
		};
		67AE26D8242D9B0300BC82F2 /* Klaim */ = {
			isa = PBXGroup;
			children = (
				67F06E09241B374800B277B2 /* AmbilFotoKTPViewController.swift */,
				67F06E0D241B454200B277B2 /* SuratBuktiKematianViewController.swift */,
				67F06E11241B494400B277B2 /* KartuKeluargaViewController.swift */,
				67F06E19241B5F5C00B277B2 /* SubmitKlaimViewController.swift */,
			);
			path = Klaim;
			sourceTree = "<group>";
		};
		67B0AB03243E2712009AC66F /* Hubungi Kami VC */ = {
			isa = PBXGroup;
			children = (
				67B0AB07243E274D009AC66F /* ExtensionHubungiKamiVC.swift */,
				67B0AB0B243E27CA009AC66F /* ExtensionDetailHubungiKamiVC.swift */,
			);
			path = "Hubungi Kami VC";
			sourceTree = "<group>";
		};
		67B0AB04243E2721009AC66F /* Hubungi Kami */ = {
			isa = PBXGroup;
			children = (
				67B0AB05243E2735009AC66F /* HubungiKamiViewController.swift */,
				67B0AB09243E27B4009AC66F /* DetailHubungiKamiViewController.swift */,
			);
			path = "Hubungi Kami";
			sourceTree = "<group>";
		};
		67D631912420A55500197A39 /* Info */ = {
			isa = PBXGroup;
			children = (
				67D631922420A5A000197A39 /* InfoViewController.swift */,
				67D631972420D34200197A39 /* InfoDetailViewController.swift */,
			);
			path = Info;
			sourceTree = "<group>";
		};
		67D631942420B06500197A39 /* InfoVC */ = {
			isa = PBXGroup;
			children = (
				67D631952420B08B00197A39 /* ExtensiInfoVC.swift */,
				67D631992420D35C00197A39 /* ExtensionInfoDetailVC.swift */,
			);
			path = InfoVC;
			sourceTree = "<group>";
		};
		67D6319B2420DB6900197A39 /* Galery */ = {
			isa = PBXGroup;
			children = (
				67D6319C2420DB7B00197A39 /* GaleryViewController.swift */,
			);
			path = Galery;
			sourceTree = "<group>";
		};
		67D631A02420E25F00197A39 /* GaleryVC */ = {
			isa = PBXGroup;
			children = (
				67D631A12420E65C00197A39 /* ExtensionGaleryVC-.swift */,
			);
			path = GaleryVC;
			sourceTree = "<group>";
		};
		67D97644242A0E1C001BA581 /* List Tertanggung */ = {
			isa = PBXGroup;
			children = (
			);
			path = "List Tertanggung";
			sourceTree = "<group>";
		};
		67D97645242A0E93001BA581 /* List Penerima Manfaat */ = {
			isa = PBXGroup;
			children = (
				67D9764F242A0F5A001BA581 /* ListTertanggungViewController.swift */,
				6742325C242C4BB300A07141 /* DaftarTertanggungViewController.swift */,
				67423260242C79B500A07141 /* AddTertanggungViewController.swift */,
			);
			path = "List Penerima Manfaat";
			sourceTree = "<group>";
		};
		67D97648242A0ED9001BA581 /* List Tertanggung VC */ = {
			isa = PBXGroup;
			children = (
			);
			path = "List Tertanggung VC";
			sourceTree = "<group>";
		};
		67D9764C242A0F0D001BA581 /* List Penerima Manfaat VC */ = {
			isa = PBXGroup;
			children = (
				67D9764D242A0F3C001BA581 /* ExtensionListTertanggungVC.swift */,
				6742325E242C4BCD00A07141 /* ExtensionDaftarTertanggungVC.swift */,
				67423262242C79D100A07141 /* ExtensionAddTertanggungVC.swift */,
			);
			path = "List Penerima Manfaat VC";
			sourceTree = "<group>";
		};
		67EA32472423CE5E00ED9F1F /* Polis */ = {
			isa = PBXGroup;
			children = (
				67EA32482423CE7800ED9F1F /* DetailPolisViewController.swift */,
				67EA324D24247F7200ED9F1F /* DetailProdukPolisViewController.swift */,
				67EA325124250DF900ED9F1F /* DetailPolisKlaimViewController.swift */,
				678E02CC2429D92600D7D935 /* DetailPolisBeliViewController.swift */,
			);
			path = Polis;
			sourceTree = "<group>";
		};
		67EA324A2423CE8900ED9F1F /* PolisVC */ = {
			isa = PBXGroup;
			children = (
				67EA324B2423CEC400ED9F1F /* ExtensionDetailPolisVC.swift */,
				67EA324F24247F8F00ED9F1F /* ExtensionDetailProdukPolisVC.swift */,
				67EA325324250E1800ED9F1F /* ExtensionDetailPolisKlaimVC.swift */,
				678E02CE2429D94200D7D935 /* ExtensionDetailPolisBeliVC.swift */,
			);
			path = PolisVC;
			sourceTree = "<group>";
		};
		960B71AB39D62E71678CDEC0 /* Pods */ = {
			isa = PBXGroup;
			children = (
				CEBB39A43EB40BB39ACFCE29 /* Pods-NewDigiAsk.debug.xcconfig */,
				CDAC6D45BFBE83B975F02063 /* Pods-NewDigiAsk.release.xcconfig */,
			);
			path = Pods;
			sourceTree = "<group>";
		};
/* End PBXGroup section */

/* Begin PBXNativeTarget section */
		6751E12923EC06B4008ACB56 /* NewDigiAsk */ = {
			isa = PBXNativeTarget;
			buildConfigurationList = 6751E13F23EC06B5008ACB56 /* Build configuration list for PBXNativeTarget "NewDigiAsk" */;
			buildPhases = (
				D3460D7C61F5E00944222482 /* [CP] Check Pods Manifest.lock */,
				6751E12623EC06B4008ACB56 /* Sources */,
				6751E12723EC06B4008ACB56 /* Frameworks */,
				6751E12823EC06B4008ACB56 /* Resources */,
				679E5C8F2416224000107457 /* Embed Frameworks */,
				D9D87E7730E9DDE7692084BA /* [CP] Embed Pods Frameworks */,
			);
			buildRules = (
			);
			dependencies = (
			);
			name = NewDigiAsk;
			productName = NewDigiAsk;
			productReference = 6751E12A23EC06B4008ACB56 /* NewDigiAsk.app */;
			productType = "com.apple.product-type.application";
		};
/* End PBXNativeTarget section */

/* Begin PBXProject section */
		6751E12223EC06B4008ACB56 /* Project object */ = {
			isa = PBXProject;
			attributes = {
				LastSwiftUpdateCheck = 1010;
				LastUpgradeCheck = 1130;
				ORGANIZATIONNAME = "Gun Eight ";
				TargetAttributes = {
					6751E12923EC06B4008ACB56 = {
						CreatedOnToolsVersion = 10.1;
						LastSwiftMigration = 1130;
					};
				};
			};
			buildConfigurationList = 6751E12523EC06B4008ACB56 /* Build configuration list for PBXProject "NewDigiAsk" */;
			compatibilityVersion = "Xcode 9.3";
			developmentRegion = en;
			hasScannedForEncodings = 0;
			knownRegions = (
				en,
				Base,
			);
			mainGroup = 6751E12123EC06B4008ACB56;
			productRefGroup = 6751E12B23EC06B4008ACB56 /* Products */;
			projectDirPath = "";
			projectRoot = "";
			targets = (
				6751E12923EC06B4008ACB56 /* NewDigiAsk */,
			);
		};
/* End PBXProject section */

/* Begin PBXResourcesBuildPhase section */
		6751E12823EC06B4008ACB56 /* Resources */ = {
			isa = PBXResourcesBuildPhase;
			buildActionMask = 2147483647;
			files = (
				679E5C9A2416354D00107457 /* Main.storyboard in Resources */,
				679E5C992416353F00107457 /* Assets.xcassets in Resources */,
				679E5C942416353500107457 /* AvantGardeBookBT.ttf in Resources */,
				679E5C952416353500107457 /* AvantGardeDemiBT.ttf in Resources */,
				679E5C962416353500107457 /* AvantGardeDemiObliqueBT.ttf in Resources */,
				679E5C972416353500107457 /* AVGARDN.TTF in Resources */,
				679E5C982416353500107457 /* AVGARDNI.ttf in Resources */,
			);
			runOnlyForDeploymentPostprocessing = 0;
		};
/* End PBXResourcesBuildPhase section */

/* Begin PBXShellScriptBuildPhase section */
		D3460D7C61F5E00944222482 /* [CP] Check Pods Manifest.lock */ = {
			isa = PBXShellScriptBuildPhase;
			buildActionMask = 12;
			files = (
			);
			inputFileListPaths = (
			);
			inputPaths = (
				"${PODS_PODFILE_DIR_PATH}/Podfile.lock",
				"${PODS_ROOT}/Manifest.lock",
			);
			name = "[CP] Check Pods Manifest.lock";
			outputFileListPaths = (
			);
			outputPaths = (
				"$(DERIVED_FILE_DIR)/Pods-NewDigiAsk-checkManifestLockResult.txt",
			);
			runOnlyForDeploymentPostprocessing = 0;
			shellPath = /bin/sh;
			shellScript = "diff \"${PODS_PODFILE_DIR_PATH}/Podfile.lock\" \"${PODS_ROOT}/Manifest.lock\" > /dev/null\nif [ $? != 0 ] ; then\n    # print error to STDERR\n    echo \"error: The sandbox is not in sync with the Podfile.lock. Run 'pod install' or update your CocoaPods installation.\" >&2\n    exit 1\nfi\n# This output is used by Xcode 'outputs' to avoid re-running this script phase.\necho \"SUCCESS\" > \"${SCRIPT_OUTPUT_FILE_0}\"\n";
			showEnvVarsInLog = 0;
		};
		D9D87E7730E9DDE7692084BA /* [CP] Embed Pods Frameworks */ = {
			isa = PBXShellScriptBuildPhase;
			buildActionMask = 2147483647;
			files = (
			);
			inputFileListPaths = (
				"${PODS_ROOT}/Target Support Files/Pods-NewDigiAsk/Pods-NewDigiAsk-frameworks-${CONFIGURATION}-input-files.xcfilelist",
			);
			name = "[CP] Embed Pods Frameworks";
			outputFileListPaths = (
				"${PODS_ROOT}/Target Support Files/Pods-NewDigiAsk/Pods-NewDigiAsk-frameworks-${CONFIGURATION}-output-files.xcfilelist",
			);
			runOnlyForDeploymentPostprocessing = 0;
			shellPath = /bin/sh;
			shellScript = "\"${PODS_ROOT}/Target Support Files/Pods-NewDigiAsk/Pods-NewDigiAsk-frameworks.sh\"\n";
			showEnvVarsInLog = 0;
		};
/* End PBXShellScriptBuildPhase section */

/* Begin PBXSourcesBuildPhase section */
		6751E12623EC06B4008ACB56 /* Sources */ = {
			isa = PBXSourcesBuildPhase;
			buildActionMask = 2147483647;
			files = (
				67B0AB0A243E27B4009AC66F /* DetailHubungiKamiViewController.swift in Sources */,
				67EA325224250DF900ED9F1F /* DetailPolisKlaimViewController.swift in Sources */,
				67423263242C79D100A07141 /* ExtensionAddTertanggungVC.swift in Sources */,
				67D631A22420E65C00197A39 /* ExtensionGaleryVC-.swift in Sources */,
				677EFC1E2411EE1B00656CE4 /* ExtensionMonitoringKlaimVC.swift in Sources */,
				67392AF52403B76C007630DF /* ExtensionProdukVC.swift in Sources */,
				6751E13623EC06B4008ACB56 /* NewDigiAsk.xcdatamodeld in Sources */,
				67F06E0C241B376300B277B2 /* ExtensionAmbilFotoKTPVC.swift in Sources */,
				6728574524109F3A005E3B6D /* ExtensionKlaimVC.swift in Sources */,
				67924D8E240CD6700099F26F /* BayarViewController.swift in Sources */,
				679338D22432C6FB002BB9F7 /* NotifikasiViewController.swift in Sources */,
				67924D99240E572F0099F26F /* ExtensionProfileVC.swift in Sources */,
				679C71F024108DF10092B1FA /* TentangKamiViewController.swift in Sources */,
				67EE59152407D82900404C6E /* ExtensionIdentitasTertanggungPenerimaVC.swift in Sources */,
				67EE591D24092A2600404C6E /* ExtensionPembayaranVC.swift in Sources */,
				67F06E14241B495D00B277B2 /* ExtensionKartuKeluargaVC.swift in Sources */,
				67B0AB0C243E27CA009AC66F /* ExtensionDetailHubungiKamiVC.swift in Sources */,
				67392AF32403B3A2007630DF /* ProdukViewController.swift in Sources */,
				67B0AB08243E274D009AC66F /* ExtensionHubungiKamiVC.swift in Sources */,
				6742325F242C4BCD00A07141 /* ExtensionDaftarTertanggungVC.swift in Sources */,
				67924D97240E57170099F26F /* ProfileViewController.swift in Sources */,
				67EA324E24247F7200ED9F1F /* DetailProdukPolisViewController.swift in Sources */,
				67924D94240CDCF10099F26F /* ExtensionDetailBayarVC.swift in Sources */,
				6728F09F24050BCA00A2C605 /* PresentationManager.swift in Sources */,
				6728574324109F24005E3B6D /* KlaimViewController.swift in Sources */,
				67F06E0A241B374900B277B2 /* AmbilFotoKTPViewController.swift in Sources */,
				67F06E1E241B7E8800B277B2 /* ExtensionDeskripsiProdukVC.swift in Sources */,
				67F06E08241A266600B277B2 /* ExtensionProsesKlaimVC.swift in Sources */,
				67D631962420B08B00197A39 /* ExtensiInfoVC.swift in Sources */,
				67CF8B9E24066EF70032DBDE /* JenisProdukDetailViewController.swift in Sources */,
				672857492410AA10005E3B6D /* ExtensionPolisVC.swift in Sources */,
				672857472410A9FE005E3B6D /* PolisViewController.swift in Sources */,
				67D9764E242A0F3C001BA581 /* ExtensionListTertanggungVC.swift in Sources */,
				67D6319A2420D35C00197A39 /* ExtensionInfoDetailVC.swift in Sources */,
				67D6319D2420DB7B00197A39 /* GaleryViewController.swift in Sources */,
				6728F0A324050CB500A2C605 /* ProdukDetailViewController.swift in Sources */,
				67CF8BA22406A2D60032DBDE /* SyaratdanKetentuanViewController.swift in Sources */,
				67B0AB00243E1660009AC66F /* DetailNotifikasiViewController.swift in Sources */,
				67288E9623FCE4D2002E257C /* DaftarAccountViewController.swift in Sources */,
				6751E13023EC06B4008ACB56 /* HomeMenuViewController.swift in Sources */,
				67423261242C79B500A07141 /* AddTertanggungViewController.swift in Sources */,
				6751E12E23EC06B4008ACB56 /* AppDelegate.swift in Sources */,
				67924D90240CD6850099F26F /* ExtensionBayarVC.swift in Sources */,
				679C71EE240F85A30092B1FA /* ExtensionEditProfileVC.swift in Sources */,
				67288E9823FCE53A002E257C /* ExtensionDaftarVC.swift in Sources */,
				67EE59192408F07300404C6E /* ExtensionKeranjangVC.swift in Sources */,
				67EE59132407D73500404C6E /* IdentitasTertanggungdanPenerimaManfaatViewController.swift in Sources */,
				676B7C57240CA7B6003D0FB1 /* ExtensionCheckOutKeranjangVC.swift in Sources */,
				6728F0A524050D2E00A2C605 /* ExtensionProdukDetailVC.swift in Sources */,
				67D631932420A5A000197A39 /* InfoViewController.swift in Sources */,
				67F06E10241B456800B277B2 /* ExtensionSuratBuktiKematianVC.swift in Sources */,
				67D631982420D34200197A39 /* InfoDetailViewController.swift in Sources */,
				678E02CD2429D92600D7D935 /* DetailPolisBeliViewController.swift in Sources */,
				67F06E0E241B454200B277B2 /* SuratBuktiKematianViewController.swift in Sources */,
				67924D92240CDCE10099F26F /* DetailBayarViewController.swift in Sources */,
				67288E8923FBA19F002E257C /* ExtensionHomeMenu.swift in Sources */,
				67F06E12241B494400B277B2 /* KartuKeluargaViewController.swift in Sources */,
				67F06E18241B5CAB00B277B2 /* ExtensionSubmitKlaimVC.swift in Sources */,
				67EE59172408F05600404C6E /* KeranjangViewController.swift in Sources */,
				677EFC1C2411EE0600656CE4 /* MonitoringKlaimViewController.swift in Sources */,
				67B0AB06243E2735009AC66F /* HubungiKamiViewController.swift in Sources */,
				6753A2C723F532F9000F7CE1 /* UIHelper.swift in Sources */,
				679C71EC240F85870092B1FA /* EditProfileViewController.swift in Sources */,
				67F06E06241A264300B277B2 /* ProsesKlaimViewController.swift in Sources */,
				67EA32492423CE7800ED9F1F /* DetailPolisViewController.swift in Sources */,
				678E02CF2429D94200D7D935 /* ExtensionDetailPolisBeliVC.swift in Sources */,
				67EA325024247F8F00ED9F1F /* ExtensionDetailProdukPolisVC.swift in Sources */,
				67F06E1C241B7E6D00B277B2 /* DeskripsiProdukViewController.swift in Sources */,
				679C71F224108E0D0092B1FA /* ExtensionTentangKamiVC.swift in Sources */,
				67392AF124018A69007630DF /* LengkapiDataViewController.swift in Sources */,
				67F06E1A241B5F5C00B277B2 /* SubmitKlaimViewController.swift in Sources */,
				67CF8B9A240649D00032DBDE /* JenisProdukViewController.swift in Sources */,
				67EA325424250E1800ED9F1F /* ExtensionDetailPolisKlaimVC.swift in Sources */,
				6791B5BF23F3B8E800E33F0C /* ExtensionCollectionBannerPromo.swift in Sources */,
				67EA324C2423CEC400ED9F1F /* ExtensionDetailPolisVC.swift in Sources */,
				679338D42432C790002BB9F7 /* ExtensionNotifikasiVC.swift in Sources */,
				67104EC023FE35140035343F /* VerifikasiViewController.swift in Sources */,
				67104EC223FE6FCD0035343F /* InputKodeVerifikasiViewController.swift in Sources */,
				67CF8B9C24064A310032DBDE /* ExtensionJenisProdukVC.swift in Sources */,
				67EE591B24092A1100404C6E /* PembayaranViewController.swift in Sources */,
				67CF8BA024066FBF0032DBDE /* ExtensionJenisProdukDetailVC.swift in Sources */,
				6728F0A124050C0B00A2C605 /* PresentationController.swift in Sources */,
				67B0AB02243E2101009AC66F /* EkstensionDetailNotifikasiVC.swift in Sources */,
				6742325D242C4BB300A07141 /* DaftarTertanggungViewController.swift in Sources */,
				676B7C55240CA762003D0FB1 /* CheckOutKeranjangViewController.swift in Sources */,
				67D97650242A0F5A001BA581 /* ListTertanggungViewController.swift in Sources */,
				67CF8BA42406A32C0032DBDE /* ExtensionSyaratdanKetentuanVC.swift in Sources */,
			);
			runOnlyForDeploymentPostprocessing = 0;
		};
/* End PBXSourcesBuildPhase section */

/* Begin PBXVariantGroup section */
		6751E13123EC06B4008ACB56 /* Main.storyboard */ = {
			isa = PBXVariantGroup;
			children = (
				6751E13223EC06B4008ACB56 /* Base */,
			);
			name = Main.storyboard;
			sourceTree = "<group>";
		};
		6751E13923EC06B5008ACB56 /* LaunchScreen.storyboard */ = {
			isa = PBXVariantGroup;
			children = (
				6751E13A23EC06B5008ACB56 /* Base */,
			);
			name = LaunchScreen.storyboard;
			sourceTree = "<group>";
		};
/* End PBXVariantGroup section */

/* Begin XCBuildConfiguration section */
		6751E13D23EC06B5008ACB56 /* Debug */ = {
			isa = XCBuildConfiguration;
			buildSettings = {
				ALWAYS_SEARCH_USER_PATHS = NO;
				CLANG_ANALYZER_NONNULL = YES;
				CLANG_ANALYZER_NUMBER_OBJECT_CONVERSION = YES_AGGRESSIVE;
				CLANG_CXX_LANGUAGE_STANDARD = "gnu++14";
				CLANG_CXX_LIBRARY = "libc++";
				CLANG_ENABLE_MODULES = YES;
				CLANG_ENABLE_OBJC_ARC = YES;
				CLANG_ENABLE_OBJC_WEAK = YES;
				CLANG_WARN_BLOCK_CAPTURE_AUTORELEASING = YES;
				CLANG_WARN_BOOL_CONVERSION = YES;
				CLANG_WARN_COMMA = YES;
				CLANG_WARN_CONSTANT_CONVERSION = YES;
				CLANG_WARN_DEPRECATED_OBJC_IMPLEMENTATIONS = YES;
				CLANG_WARN_DIRECT_OBJC_ISA_USAGE = YES_ERROR;
				CLANG_WARN_DOCUMENTATION_COMMENTS = YES;
				CLANG_WARN_EMPTY_BODY = YES;
				CLANG_WARN_ENUM_CONVERSION = YES;
				CLANG_WARN_INFINITE_RECURSION = YES;
				CLANG_WARN_INT_CONVERSION = YES;
				CLANG_WARN_NON_LITERAL_NULL_CONVERSION = YES;
				CLANG_WARN_OBJC_IMPLICIT_RETAIN_SELF = YES;
				CLANG_WARN_OBJC_LITERAL_CONVERSION = YES;
				CLANG_WARN_OBJC_ROOT_CLASS = YES_ERROR;
				CLANG_WARN_RANGE_LOOP_ANALYSIS = YES;
				CLANG_WARN_STRICT_PROTOTYPES = YES;
				CLANG_WARN_SUSPICIOUS_MOVE = YES;
				CLANG_WARN_UNGUARDED_AVAILABILITY = YES_AGGRESSIVE;
				CLANG_WARN_UNREACHABLE_CODE = YES;
				CLANG_WARN__DUPLICATE_METHOD_MATCH = YES;
				CODE_SIGN_IDENTITY = "iPhone Developer";
				COPY_PHASE_STRIP = NO;
				DEBUG_INFORMATION_FORMAT = dwarf;
				ENABLE_STRICT_OBJC_MSGSEND = YES;
				ENABLE_TESTABILITY = YES;
				GCC_C_LANGUAGE_STANDARD = gnu11;
				GCC_DYNAMIC_NO_PIC = NO;
				GCC_NO_COMMON_BLOCKS = YES;
				GCC_OPTIMIZATION_LEVEL = 0;
				GCC_PREPROCESSOR_DEFINITIONS = (
					"DEBUG=1",
					"$(inherited)",
				);
				GCC_WARN_64_TO_32_BIT_CONVERSION = YES;
				GCC_WARN_ABOUT_RETURN_TYPE = YES_ERROR;
				GCC_WARN_UNDECLARED_SELECTOR = YES;
				GCC_WARN_UNINITIALIZED_AUTOS = YES_AGGRESSIVE;
				GCC_WARN_UNUSED_FUNCTION = YES;
				GCC_WARN_UNUSED_VARIABLE = YES;
				IPHONEOS_DEPLOYMENT_TARGET = 12.1;
				MTL_ENABLE_DEBUG_INFO = INCLUDE_SOURCE;
				MTL_FAST_MATH = YES;
				ONLY_ACTIVE_ARCH = YES;
				SDKROOT = iphoneos;
				SWIFT_ACTIVE_COMPILATION_CONDITIONS = DEBUG;
				SWIFT_OPTIMIZATION_LEVEL = "-Onone";
			};
			name = Debug;
		};
		6751E13E23EC06B5008ACB56 /* Release */ = {
			isa = XCBuildConfiguration;
			buildSettings = {
				ALWAYS_SEARCH_USER_PATHS = NO;
				CLANG_ANALYZER_NONNULL = YES;
				CLANG_ANALYZER_NUMBER_OBJECT_CONVERSION = YES_AGGRESSIVE;
				CLANG_CXX_LANGUAGE_STANDARD = "gnu++14";
				CLANG_CXX_LIBRARY = "libc++";
				CLANG_ENABLE_MODULES = YES;
				CLANG_ENABLE_OBJC_ARC = YES;
				CLANG_ENABLE_OBJC_WEAK = YES;
				CLANG_WARN_BLOCK_CAPTURE_AUTORELEASING = YES;
				CLANG_WARN_BOOL_CONVERSION = YES;
				CLANG_WARN_COMMA = YES;
				CLANG_WARN_CONSTANT_CONVERSION = YES;
				CLANG_WARN_DEPRECATED_OBJC_IMPLEMENTATIONS = YES;
				CLANG_WARN_DIRECT_OBJC_ISA_USAGE = YES_ERROR;
				CLANG_WARN_DOCUMENTATION_COMMENTS = YES;
				CLANG_WARN_EMPTY_BODY = YES;
				CLANG_WARN_ENUM_CONVERSION = YES;
				CLANG_WARN_INFINITE_RECURSION = YES;
				CLANG_WARN_INT_CONVERSION = YES;
				CLANG_WARN_NON_LITERAL_NULL_CONVERSION = YES;
				CLANG_WARN_OBJC_IMPLICIT_RETAIN_SELF = YES;
				CLANG_WARN_OBJC_LITERAL_CONVERSION = YES;
				CLANG_WARN_OBJC_ROOT_CLASS = YES_ERROR;
				CLANG_WARN_RANGE_LOOP_ANALYSIS = YES;
				CLANG_WARN_STRICT_PROTOTYPES = YES;
				CLANG_WARN_SUSPICIOUS_MOVE = YES;
				CLANG_WARN_UNGUARDED_AVAILABILITY = YES_AGGRESSIVE;
				CLANG_WARN_UNREACHABLE_CODE = YES;
				CLANG_WARN__DUPLICATE_METHOD_MATCH = YES;
				CODE_SIGN_IDENTITY = "iPhone Developer";
				COPY_PHASE_STRIP = NO;
				DEBUG_INFORMATION_FORMAT = "dwarf-with-dsym";
				ENABLE_NS_ASSERTIONS = NO;
				ENABLE_STRICT_OBJC_MSGSEND = YES;
				GCC_C_LANGUAGE_STANDARD = gnu11;
				GCC_NO_COMMON_BLOCKS = YES;
				GCC_WARN_64_TO_32_BIT_CONVERSION = YES;
				GCC_WARN_ABOUT_RETURN_TYPE = YES_ERROR;
				GCC_WARN_UNDECLARED_SELECTOR = YES;
				GCC_WARN_UNINITIALIZED_AUTOS = YES_AGGRESSIVE;
				GCC_WARN_UNUSED_FUNCTION = YES;
				GCC_WARN_UNUSED_VARIABLE = YES;
				IPHONEOS_DEPLOYMENT_TARGET = 12.1;
				MTL_ENABLE_DEBUG_INFO = NO;
				MTL_FAST_MATH = YES;
				SDKROOT = iphoneos;
				SWIFT_COMPILATION_MODE = wholemodule;
				SWIFT_OPTIMIZATION_LEVEL = "-O";
				VALIDATE_PRODUCT = YES;
			};
			name = Release;
		};
		6751E14023EC06B5008ACB56 /* Debug */ = {
			isa = XCBuildConfiguration;
			baseConfigurationReference = CEBB39A43EB40BB39ACFCE29 /* Pods-NewDigiAsk.debug.xcconfig */;
			buildSettings = {
				ASSETCATALOG_COMPILER_APPICON_NAME = AppIcon;
				CODE_SIGN_STYLE = Automatic;
				DEVELOPMENT_TEAM = 55CQAZ789D;
				INFOPLIST_FILE = NewDigiAsk/Info.plist;
				IPHONEOS_DEPLOYMENT_TARGET = 13.1;
				LD_RUNPATH_SEARCH_PATHS = (
					"$(inherited)",
					"@executable_path/Frameworks",
				);
				PRODUCT_BUNDLE_IDENTIFIER = guneightDev.NewDigiAsk;
				PRODUCT_NAME = "$(TARGET_NAME)";
				SWIFT_VERSION = 5.0;
				TARGETED_DEVICE_FAMILY = "1,2";
			};
			name = Debug;
		};
		6751E14123EC06B5008ACB56 /* Release */ = {
			isa = XCBuildConfiguration;
			baseConfigurationReference = CDAC6D45BFBE83B975F02063 /* Pods-NewDigiAsk.release.xcconfig */;
			buildSettings = {
				ASSETCATALOG_COMPILER_APPICON_NAME = AppIcon;
				CODE_SIGN_IDENTITY = "Apple Development";
				CODE_SIGN_STYLE = Automatic;
				DEVELOPMENT_TEAM = 55CQAZ789D;
				INFOPLIST_FILE = NewDigiAsk/Info.plist;
				IPHONEOS_DEPLOYMENT_TARGET = 13.1;
				LD_RUNPATH_SEARCH_PATHS = (
					"$(inherited)",
					"@executable_path/Frameworks",
				);
				PRODUCT_BUNDLE_IDENTIFIER = guneightDev.NewDigiAsk;
				PRODUCT_NAME = "$(TARGET_NAME)";
				PROVISIONING_PROFILE_SPECIFIER = "";
				SWIFT_VERSION = 5.0;
				TARGETED_DEVICE_FAMILY = "1,2";
			};
			name = Release;
		};
/* End XCBuildConfiguration section */

/* Begin XCConfigurationList section */
		6751E12523EC06B4008ACB56 /* Build configuration list for PBXProject "NewDigiAsk" */ = {
			isa = XCConfigurationList;
			buildConfigurations = (
				6751E13D23EC06B5008ACB56 /* Debug */,
				6751E13E23EC06B5008ACB56 /* Release */,
			);
			defaultConfigurationIsVisible = 0;
			defaultConfigurationName = Release;
		};
		6751E13F23EC06B5008ACB56 /* Build configuration list for PBXNativeTarget "NewDigiAsk" */ = {
			isa = XCConfigurationList;
			buildConfigurations = (
				6751E14023EC06B5008ACB56 /* Debug */,
				6751E14123EC06B5008ACB56 /* Release */,
			);
			defaultConfigurationIsVisible = 0;
			defaultConfigurationName = Release;
		};
/* End XCConfigurationList section */

/* Begin XCVersionGroup section */
		6751E13423EC06B4008ACB56 /* NewDigiAsk.xcdatamodeld */ = {
			isa = XCVersionGroup;
			children = (
				6751E13523EC06B4008ACB56 /* NewDigiAsk.xcdatamodel */,
			);
			currentVersion = 6751E13523EC06B4008ACB56 /* NewDigiAsk.xcdatamodel */;
			path = NewDigiAsk.xcdatamodeld;
			sourceTree = "<group>";
			versionGroupType = wrapper.xcdatamodel;
		};
/* End XCVersionGroup section */
	};
	rootObject = 6751E12223EC06B4008ACB56 /* Project object */;
}
